
Microsoft Visual Studio Solution File, Format Version 12.00
# Visual Studio Version 16
VisualStudioVersion = 16.0.30320.27
MinimumVisualStudioVersion = 10.0.40219.1
Project("{FAE04EC0-301F-11D3-BF4B-00C04F79EFBC}") = "FinalHandsOn6", "FinalHandsOn6\FinalHandsOn6.csproj", "{6AF4AFC9-A1CF-495F-98D6-BC07AF7C4026}"
EndProject
Global
	GlobalSection(SolutionConfigurationPlatforms) = preSolution
		Debug|Any CPU = Debug|Any CPU
		Release|Any CPU = Release|Any CPU
	EndGlobalSection
	GlobalSection(ProjectConfigurationPlatforms) = postSolution
		{6AF4AFC9-A1CF-495F-98D6-BC07AF7C4026}.Debug|Any CPU.ActiveCfg = Debug|Any CPU
		{6AF4AFC9-A1CF-495F-98D6-BC07AF7C4026}.Debug|Any CPU.Build.0 = Debug|Any CPU
		{6AF4AFC9-A1CF-495F-98D6-BC07AF7C4026}.Release|Any CPU.ActiveCfg = Release|Any CPU
		{6AF4AFC9-A1CF-495F-98D6-BC07AF7C4026}.Release|Any CPU.Build.0 = Release|Any CPU
	EndGlobalSection
	GlobalSection(SolutionProperties) = preSolution
		HideSolutionNode = FALSE
	EndGlobalSection
	GlobalSection(ExtensibilityGlobals) = postSolution
		SolutionGuid = {02AC2C05-162A-4ECD-A77D-6BDFBED310CD}
	EndGlobalSection
EndGlobal
